
Microsoft Visual Studio Solution File, Format Version 12.00
Project("{FAE04EC0-301F-11D3-BF4B-00C04F79EFBC}") = "GithubActionsMAUI", "GithubActionsMAUI\GithubActionsMAUI.csproj", "{0623ADCC-2981-45C8-95A2-FD6E219087B8}"
EndProject
Global
	GlobalSection(SolutionConfigurationPlatforms) = preSolution
		Debug|Any CPU = Debug|Any CPU
		Release|Any CPU = Release|Any CPU
	EndGlobalSection
	GlobalSection(ProjectConfigurationPlatforms) = postSolution
		{0623ADCC-2981-45C8-95A2-FD6E219087B8}.Debug|Any CPU.ActiveCfg = Debug|Any CPU
		{0623ADCC-2981-45C8-95A2-FD6E219087B8}.Debug|Any CPU.Build.0 = Debug|Any CPU
		{0623ADCC-2981-45C8-95A2-FD6E219087B8}.Release|Any CPU.ActiveCfg = Release|Any CPU
		{0623ADCC-2981-45C8-95A2-FD6E219087B8}.Release|Any CPU.Build.0 = Release|Any CPU
	EndGlobalSection
EndGlobal
